PODS:
  - chengguo_audio_recorder (0.0.1):
    - Flutter
  - Flutter (1.0.0)

DEPENDENCIES:
  - chengguo_audio_recorder (from `.symlinks/plugins/chengguo_audio_recorder/ios`)
  - Flutter (from `.symlinks/flutter/ios`)

EXTERNAL SOURCES:
  chengguo_audio_recorder:
    :path: ".symlinks/plugins/chengguo_audio_recorder/ios"
  Flutter:
    :path: ".symlinks/flutter/ios"

SPEC CHECKSUMS:
  chengguo_audio_recorder: 674d6b2483d9652f4ff356dcaf557336cbebc5a1
  Flutter: 0e3d915762c693b495b44d77113d4970485de6ec

PODFILE CHECKSUM: b6a0a141693093b304368d08511b46cf3d1d0ac5

COCOAPODS: 1.9.3
